FORGE
  remote: https://forgeapi.puppetlabs.com
  specs:
    puppet-nodejs (2.2.0)
      puppetlabs-stdlib (< 5.0.0, >= 4.1.0)
    puppetlabs-apt (2.3.0)
      puppetlabs-stdlib (< 5.0.0, >= 4.5.0)
    puppetlabs-firewall (1.8.1)
    puppetlabs-stdlib (4.14.0)

DEPENDENCIES
  puppet-nodejs (= 2.2.0)
  puppetlabs-apt (= 2.3.0)
  puppetlabs-firewall (= 1.8.1)

